
Microsoft Visual Studio Solution File, Format Version 12.00
# Visual Studio 15
VisualStudioVersion = 15.0.28307.329
MinimumVisualStudioVersion = 10.0.40219.1
Project("{FAE04EC0-301F-11D3-BF4B-00C04F79EFBC}") = "FoodOutlet", "FoodOutlet\FoodOutlet.csproj", "{01BA0512-AD17-4FAF-AEEB-8F53623E9BE8}"
EndProject
Project("{FAE04EC0-301F-11D3-BF4B-00C04F79EFBC}") = "FoodOutlet.Tests", "FoodOutlet.Tests\FoodOutlet.Tests.csproj", "{CDBB136D-6839-4A19-B424-9EA04FD41031}"
EndProject
Global
	GlobalSection(SolutionConfigurationPlatforms) = preSolution
		Debug|Any CPU = Debug|Any CPU
		Release|Any CPU = Release|Any CPU
	EndGlobalSection
	GlobalSection(ProjectConfigurationPlatforms) = postSolution
		{01BA0512-AD17-4FAF-AEEB-8F53623E9BE8}.Debug|Any CPU.ActiveCfg = Debug|Any CPU
		{01BA0512-AD17-4FAF-AEEB-8F53623E9BE8}.Debug|Any CPU.Build.0 = Debug|Any CPU
		{01BA0512-AD17-4FAF-AEEB-8F53623E9BE8}.Release|Any CPU.ActiveCfg = Release|Any CPU
		{01BA0512-AD17-4FAF-AEEB-8F53623E9BE8}.Release|Any CPU.Build.0 = Release|Any CPU
		{CDBB136D-6839-4A19-B424-9EA04FD41031}.Debug|Any CPU.ActiveCfg = Debug|Any CPU
		{CDBB136D-6839-4A19-B424-9EA04FD41031}.Debug|Any CPU.Build.0 = Debug|Any CPU
		{CDBB136D-6839-4A19-B424-9EA04FD41031}.Release|Any CPU.ActiveCfg = Release|Any CPU
		{CDBB136D-6839-4A19-B424-9EA04FD41031}.Release|Any CPU.Build.0 = Release|Any CPU
	EndGlobalSection
	GlobalSection(SolutionProperties) = preSolution
		HideSolutionNode = FALSE
	EndGlobalSection
	GlobalSection(ExtensibilityGlobals) = postSolution
		SolutionGuid = {796368DC-745E-42FA-9F4D-7367687993A2}
	EndGlobalSection
EndGlobal
